// !$*UTF8*$!
{
	archiveVersion = 1;
	classes = {
	};
	objectVersion = 50;
	objects = {

/* Begin PBXBuildFile section */
		8EEE7D96248829A3008D3A42 /* AppDelegate.swift in Sources */ = {isa = PBXBuildFile; fileRef = 8EEE7D95248829A3008D3A42 /* AppDelegate.swift */; };
		8EEE7D98248829A3008D3A42 /* SceneDelegate.swift in Sources */ = {isa = PBXBuildFile; fileRef = 8EEE7D97248829A3008D3A42 /* SceneDelegate.swift */; };
		8EEE7D9A248829A3008D3A42 /* ViewController.swift in Sources */ = {isa = PBXBuildFile; fileRef = 8EEE7D99248829A3008D3A42 /* ViewController.swift */; };
		8EEE7D9D248829A3008D3A42 /* Main.storyboard in Resources */ = {isa = PBXBuildFile; fileRef = 8EEE7D9B248829A3008D3A42 /* Main.storyboard */; };
		8EEE7DA0248829A3008D3A42 /* Story_Book.xcdatamodeld in Sources */ = {isa = PBXBuildFile; fileRef = 8EEE7D9E248829A3008D3A42 /* Story_Book.xcdatamodeld */; };
		8EEE7DA2248829CD008D3A42 /* Assets.xcassets in Resources */ = {isa = PBXBuildFile; fileRef = 8EEE7DA1248829CD008D3A42 /* Assets.xcassets */; };
		8EEE7DA5248829CD008D3A42 /* LaunchScreen.storyboard in Resources */ = {isa = PBXBuildFile; fileRef = 8EEE7DA3248829CD008D3A42 /* LaunchScreen.storyboard */; };
/* End PBXBuildFile section */

/* Begin PBXFileReference section */
		8EEE7D92248829A2008D3A42 /* Story Book.app */ = {isa = PBXFileReference; explicitFileType = wrapper.application; includeInIndex = 0; path = "Story Book.app"; sourceTree = BUILT_PRODUCTS_DIR; };
		8EEE7D95248829A3008D3A42 /* AppDelegate.swift */ = {isa = PBXFileReference; lastKnownFileType = sourcecode.swift; path = AppDelegate.swift; sourceTree = "<group>"; };
		8EEE7D97248829A3008D3A42 /* SceneDelegate.swift */ = {isa = PBXFileReference; lastKnownFileType = sourcecode.swift; path = SceneDelegate.swift; sourceTree = "<group>"; };
		8EEE7D99248829A3008D3A42 /* ViewController.swift */ = {isa = PBXFileReference; lastKnownFileType = sourcecode.swift; path = ViewController.swift; sourceTree = "<group>"; };
		8EEE7D9C248829A3008D3A42 /* Base */ = {isa = PBXFileReference; lastKnownFileType = file.storyboard; name = Base; path = Base.lproj/Main.storyboard; sourceTree = "<group>"; };
		8EEE7D9F248829A3008D3A42 /* Story_Book.xcdatamodel */ = {isa = PBXFileReference; lastKnownFileType = wrapper.xcdatamodel; path = Story_Book.xcdatamodel; sourceTree = "<group>"; };
		8EEE7DA1248829CD008D3A42 /* Assets.xcassets */ = {isa = PBXFileReference; lastKnownFileType = folder.assetcatalog; path = Assets.xcassets; sourceTree = "<group>"; };
		8EEE7DA4248829CD008D3A42 /* Base */ = {isa = PBXFileReference; lastKnownFileType = file.storyboard; name = Base; path = Base.lproj/LaunchScreen.storyboard; sourceTree = "<group>"; };
		8EEE7DA6248829CD008D3A42 /* Info.plist */ = {isa = PBXFileReference; lastKnownFileType = text.plist.xml; path = Info.plist; sourceTree = "<group>"; };
/* End PBXFileReference section */

/* Begin PBXFrameworksBuildPhase section */
		8EEE7D8F248829A2008D3A42 /* Frameworks */ = {
			isa = PBXFrameworksBuildPhase;
			buildActionMask = 2147483647;
			files = (
			);
			runOnlyForDeploymentPostprocessing = 0;
		};
/* End PBXFrameworksBuildPhase section */

/* Begin PBXGroup section */
		8EEE7D89248829A2008D3A42 = {
			isa = PBXGroup;
			children = (
				8EEE7D94248829A2008D3A42 /* Story Book */,
				8EEE7D93248829A2008D3A42 /* Products */,
			);
			sourceTree = "<group>";
		};
		8EEE7D93248829A2008D3A42 /* Products */ = {
			isa = PBXGroup;
			children = (
				8EEE7D92248829A2008D3A42 /* Story Book.app */,
			);
			name = Products;
			sourceTree = "<group>";
		};
		8EEE7D94248829A2008D3A42 /* Story Book */ = {
			isa = PBXGroup;
			children = (
				8EEE7D95248829A3008D3A42 /* AppDelegate.swift */,
				8EEE7D97248829A3008D3A42 /* SceneDelegate.swift */,
				8EEE7D99248829A3008D3A42 /* ViewController.swift */,
				8EEE7D9B248829A3008D3A42 /* Main.storyboard */,
				8EEE7DA1248829CD008D3A42 /* Assets.xcassets */,
				8EEE7DA3248829CD008D3A42 /* LaunchScreen.storyboard */,
				8EEE7DA6248829CD008D3A42 /* Info.plist */,
				8EEE7D9E248829A3008D3A42 /* Story_Book.xcdatamodeld */,
			);
			path = "Story Book";
			sourceTree = "<group>";
		};
/* End PBXGroup section */

/* Begin PBXNativeTarget section */
		8EEE7D91248829A2008D3A42 /* Story Book */ = {
			isa = PBXNativeTarget;
			buildConfigurationList = 8EEE7DA9248829CD008D3A42 /* Build configuration list for PBXNativeTarget "Story Book" */;
			buildPhases = (
				8EEE7D8E248829A2008D3A42 /* Sources */,
				8EEE7D8F248829A2008D3A42 /* Frameworks */,
				8EEE7D90248829A2008D3A42 /* Resources */,
			);
			buildRules = (
			);
			dependencies = (
			);
			name = "Story Book";
			productName = "Story Book";
			productReference = 8EEE7D92248829A2008D3A42 /* Story Book.app */;
			productType = "com.apple.product-type.application";
		};
/* End PBXNativeTarget section */

/* Begin PBXProject section */
		8EEE7D8A248829A2008D3A42 /* Project object */ = {
			isa = PBXProject;
			attributes = {
				LastSwiftUpdateCheck = 1150;
				LastUpgradeCheck = 1150;
				ORGANIZATIONNAME = Ashan;
				TargetAttributes = {
					8EEE7D91248829A2008D3A42 = {
						CreatedOnToolsVersion = 11.5;
					};
				};
			};
			buildConfigurationList = 8EEE7D8D248829A2008D3A42 /* Build configuration list for PBXProject "Story Book" */;
			compatibilityVersion = "Xcode 9.3";
			developmentRegion = en;
			hasScannedForEncodings = 0;
			knownRegions = (
				en,
				Base,
			);
			mainGroup = 8EEE7D89248829A2008D3A42;
			productRefGroup = 8EEE7D93248829A2008D3A42 /* Products */;
			projectDirPath = "";
			projectRoot = "";
			targets = (
				8EEE7D91248829A2008D3A42 /* Story Book */,
			);
		};
/* End PBXProject section */

/* Begin PBXResourcesBuildPhase section */
		8EEE7D90248829A2008D3A42 /* Resources */ = {
			isa = PBXResourcesBuildPhase;
			buildActionMask = 2147483647;
			files = (
				8EEE7DA5248829CD008D3A42 /* LaunchScreen.storyboard in Resources */,
				8EEE7DA2248829CD008D3A42 /* Assets.xcassets in Resources */,
				8EEE7D9D248829A3008D3A42 /* Main.storyboard in Resources */,
			);
			runOnlyForDeploymentPostprocessing = 0;
		};
/* End PBXResourcesBuildPhase section */

/* Begin PBXSourcesBuildPhase section */
		8EEE7D8E248829A2008D3A42 /* Sources */ = {
			isa = PBXSourcesBuildPhase;
			buildActionMask = 2147483647;
			files = (
				8EEE7D9A248829A3008D3A42 /* ViewController.swift in Sources */,
				8EEE7D96248829A3008D3A42 /* AppDelegate.swift in Sources */,
				8EEE7DA0248829A3008D3A42 /* Story_Book.xcdatamodeld in Sources */,
				8EEE7D98248829A3008D3A42 /* SceneDelegate.swift in Sources */,
			);
			runOnlyForDeploymentPostprocessing = 0;
		};
/* End PBXSourcesBuildPhase section */

/* Begin PBXVariantGroup section */
		8EEE7D9B248829A3008D3A42 /* Main.storyboard */ = {
			isa = PBXVariantGroup;
			children = (
				8EEE7D9C248829A3008D3A42 /* Base */,
			);
			name = Main.storyboard;
			sourceTree = "<group>";
		};
		8EEE7DA3248829CD008D3A42 /* LaunchScreen.storyboard */ = {
			isa = PBXVariantGroup;
			children = (
				8EEE7DA4248829CD008D3A42 /* Base */,
			);
			name = LaunchScreen.storyboard;
			sourceTree = "<group>";
		};
/* End PBXVariantGroup section */

/* Begin XCBuildConfiguration section */
		8EEE7DA7248829CD008D3A42 /* Debug */ = {
			isa = XCBuildConfiguration;
			buildSettings = {
				ALWAYS_SEARCH_USER_PATHS = NO;
				CLANG_ANALYZER_NONNULL = YES;
				CLANG_ANALYZER_NUMBER_OBJECT_CONVERSION = YES_AGGRESSIVE;
				CLANG_CXX_LANGUAGE_STANDARD = "gnu++14";
				CLANG_CXX_LIBRARY = "libc++";
				CLANG_ENABLE_MODULES = YES;
				CLANG_ENABLE_OBJC_ARC = YES;
				CLANG_ENABLE_OBJC_WEAK = YES;
				CLANG_WARN_BLOCK_CAPTURE_AUTORELEASING = YES;
				CLANG_WARN_BOOL_CONVERSION = YES;
				CLANG_WARN_COMMA = YES;
				CLANG_WARN_CONSTANT_CONVERSION = YES;
				CLANG_WARN_DEPRECATED_OBJC_IMPLEMENTATIONS = YES;
				CLANG_WARN_DIRECT_OBJC_ISA_USAGE = YES_ERROR;
				CLANG_WARN_DOCUMENTATION_COMMENTS = YES;
				CLANG_WARN_EMPTY_BODY = YES;
				CLANG_WARN_ENUM_CONVERSION = YES;
				CLANG_WARN_INFINITE_RECURSION = YES;
				CLANG_WARN_INT_CONVERSION = YES;
				CLANG_WARN_NON_LITERAL_NULL_CONVERSION = YES;
				CLANG_WARN_OBJC_IMPLICIT_RETAIN_SELF = YES;
				CLANG_WARN_OBJC_LITERAL_CONVERSION = YES;
				CLANG_WARN_OBJC_ROOT_CLASS = YES_ERROR;
				CLANG_WARN_RANGE_LOOP_ANALYSIS = YES;
				CLANG_WARN_STRICT_PROTOTYPES = YES;
				CLANG_WARN_SUSPICIOUS_MOVE = YES;
				CLANG_WARN_UNGUARDED_AVAILABILITY = YES_AGGRESSIVE;
				CLANG_WARN_UNREACHABLE_CODE = YES;
				CLANG_WARN__DUPLICATE_METHOD_MATCH = YES;
				COPY_PHASE_STRIP = NO;
				DEBUG_INFORMATION_FORMAT = dwarf;
				ENABLE_STRICT_OBJC_MSGSEND = YES;
				ENABLE_TESTABILITY = YES;
				GCC_C_LANGUAGE_STANDARD = gnu11;
				GCC_DYNAMIC_NO_PIC = NO;
				GCC_NO_COMMON_BLOCKS = YES;
				GCC_OPTIMIZATION_LEVEL = 0;
				GCC_PREPROCESSOR_DEFINITIONS = (
					"DEBUG=1",
					"$(inherited)",
				);
				GCC_WARN_64_TO_32_BIT_CONVERSION = YES;
				GCC_WARN_ABOUT_RETURN_TYPE = YES_ERROR;
				GCC_WARN_UNDECLARED_SELECTOR = YES;
				GCC_WARN_UNINITIALIZED_AUTOS = YES_AGGRESSIVE;
				GCC_WARN_UNUSED_FUNCTION = YES;
				GCC_WARN_UNUSED_VARIABLE = YES;
				IPHONEOS_DEPLOYMENT_TARGET = 13.5;
				MTL_ENABLE_DEBUG_INFO = INCLUDE_SOURCE;
				MTL_FAST_MATH = YES;
				ONLY_ACTIVE_ARCH = YES;
				SDKROOT = iphoneos;
				SWIFT_ACTIVE_COMPILATION_CONDITIONS = DEBUG;
				SWIFT_OPTIMIZATION_LEVEL = "-Onone";
			};
			name = Debug;
		};
		8EEE7DA8248829CD008D3A42 /* Release */ = {
			isa = XCBuildConfiguration;
			buildSettings = {
				ALWAYS_SEARCH_USER_PATHS = NO;
				CLANG_ANALYZER_NONNULL = YES;
				CLANG_ANALYZER_NUMBER_OBJECT_CONVERSION = YES_AGGRESSIVE;
				CLANG_CXX_LANGUAGE_STANDARD = "gnu++14";
				CLANG_CXX_LIBRARY = "libc++";
				CLANG_ENABLE_MODULES = YES;
				CLANG_ENABLE_OBJC_ARC = YES;
				CLANG_ENABLE_OBJC_WEAK = YES;
				CLANG_WARN_BLOCK_CAPTURE_AUTORELEASING = YES;
				CLANG_WARN_BOOL_CONVERSION = YES;
				CLANG_WARN_COMMA = YES;
				CLANG_WARN_CONSTANT_CONVERSION = YES;
				CLANG_WARN_DEPRECATED_OBJC_IMPLEMENTATIONS = YES;
				CLANG_WARN_DIRECT_OBJC_ISA_USAGE = YES_ERROR;
				CLANG_WARN_DOCUMENTATION_COMMENTS = YES;
				CLANG_WARN_EMPTY_BODY = YES;
				CLANG_WARN_ENUM_CONVERSION = YES;
				CLANG_WARN_INFINITE_RECURSION = YES;
				CLANG_WARN_INT_CONVERSION = YES;
				CLANG_WARN_NON_LITERAL_NULL_CONVERSION = YES;
				CLANG_WARN_OBJC_IMPLICIT_RETAIN_SELF = YES;
				CLANG_WARN_OBJC_LITERAL_CONVERSION = YES;
				CLANG_WARN_OBJC_ROOT_CLASS = YES_ERROR;
				CLANG_WARN_RANGE_LOOP_ANALYSIS = YES;
				CLANG_WARN_STRICT_PROTOTYPES = YES;
				CLANG_WARN_SUSPICIOUS_MOVE = YES;
				CLANG_WARN_UNGUARDED_AVAILABILITY = YES_AGGRESSIVE;
				CLANG_WARN_UNREACHABLE_CODE = YES;
				CLANG_WARN__DUPLICATE_METHOD_MATCH = YES;
				COPY_PHASE_STRIP = NO;
				DEBUG_INFORMATION_FORMAT = "dwarf-with-dsym";
				ENABLE_NS_ASSERTIONS = NO;
				ENABLE_STRICT_OBJC_MSGSEND = YES;
				GCC_C_LANGUAGE_STANDARD = gnu11;
				GCC_NO_COMMON_BLOCKS = YES;
				GCC_WARN_64_TO_32_BIT_CONVERSION = YES;
				GCC_WARN_ABOUT_RETURN_TYPE = YES_ERROR;
				GCC_WARN_UNDECLARED_SELECTOR = YES;
				GCC_WARN_UNINITIALIZED_AUTOS = YES_AGGRESSIVE;
				GCC_WARN_UNUSED_FUNCTION = YES;
				GCC_WARN_UNUSED_VARIABLE = YES;
				IPHONEOS_DEPLOYMENT_TARGET = 13.5;
				MTL_ENABLE_DEBUG_INFO = NO;
				MTL_FAST_MATH = YES;
				SDKROOT = iphoneos;
				SWIFT_COMPILATION_MODE = wholemodule;
				SWIFT_OPTIMIZATION_LEVEL = "-O";
				VALIDATE_PRODUCT = YES;
			};
			name = Release;
		};
		8EEE7DAA248829CD008D3A42 /* Debug */ = {
			isa = XCBuildConfiguration;
			buildSettings = {
				ASSETCATALOG_COMPILER_APPICON_NAME = AppIcon;
				CODE_SIGN_STYLE = Automatic;
				DEVELOPMENT_TEAM = P3SNLZLCKJ;
				INFOPLIST_FILE = "Story Book/Info.plist";
				LD_RUNPATH_SEARCH_PATHS = (
					"$(inherited)",
					"@executable_path/Frameworks",
				);
				PRODUCT_BUNDLE_IDENTIFIER = "com.student.example.Story-Book";
				PRODUCT_NAME = "$(TARGET_NAME)";
				SWIFT_VERSION = 5.0;
				TARGETED_DEVICE_FAMILY = "1,2";
			};
			name = Debug;
		};
		8EEE7DAB248829CD008D3A42 /* Release */ = {
			isa = XCBuildConfiguration;
			buildSettings = {
				ASSETCATALOG_COMPILER_APPICON_NAME = AppIcon;
				CODE_SIGN_STYLE = Automatic;
				DEVELOPMENT_TEAM = P3SNLZLCKJ;
				INFOPLIST_FILE = "Story Book/Info.plist";
				LD_RUNPATH_SEARCH_PATHS = (
					"$(inherited)",
					"@executable_path/Frameworks",
				);
				PRODUCT_BUNDLE_IDENTIFIER = "com.student.example.Story-Book";
				PRODUCT_NAME = "$(TARGET_NAME)";
				SWIFT_VERSION = 5.0;
				TARGETED_DEVICE_FAMILY = "1,2";
			};
			name = Release;
		};
/* End XCBuildConfiguration section */

/* Begin XCConfigurationList section */
		8EEE7D8D248829A2008D3A42 /* Build configuration list for PBXProject "Story Book" */ = {
			isa = XCConfigurationList;
			buildConfigurations = (
				8EEE7DA7248829CD008D3A42 /* Debug */,
				8EEE7DA8248829CD008D3A42 /* Release */,
			);
			defaultConfigurationIsVisible = 0;
			defaultConfigurationName = Release;
		};
		8EEE7DA9248829CD008D3A42 /* Build configuration list for PBXNativeTarget "Story Book" */ = {
			isa = XCConfigurationList;
			buildConfigurations = (
				8EEE7DAA248829CD008D3A42 /* Debug */,
				8EEE7DAB248829CD008D3A42 /* Release */,
			);
			defaultConfigurationIsVisible = 0;
			defaultConfigurationName = Release;
		};
/* End XCConfigurationList section */

/* Begin XCVersionGroup section */
		8EEE7D9E248829A3008D3A42 /* Story_Book.xcdatamodeld */ = {
			isa = XCVersionGroup;
			children = (
				8EEE7D9F248829A3008D3A42 /* Story_Book.xcdatamodel */,
			);
			currentVersion = 8EEE7D9F248829A3008D3A42 /* Story_Book.xcdatamodel */;
			path = Story_Book.xcdatamodeld;
			sourceTree = "<group>";
			versionGroupType = wrapper.xcdatamodel;
		};
/* End XCVersionGroup section */
	};
	rootObject = 8EEE7D8A248829A2008D3A42 /* Project object */;
}
